{
  "name": "com.sanset.btprinter",
  "version": "1.0.0",
  "lockfileVersion": 1,
  "requires": true,
  "dependencies": {
    "cordova-plugin-btprinter": {
      "version": "git+https://github.com/CesarBalzer/Cordova-Plugin-BTPrinter.git#d2c922b7ddbc624b7aa70c2ca917cb9d692257f3",
      "from": "git+https://github.com/CesarBalzer/Cordova-Plugin-BTPrinter.git",
      "dev": true
    }
  }
}
